
Microsoft Visual Studio Solution File, Format Version 12.00
# Visual Studio 14
VisualStudioVersion = 14.0.25420.1
MinimumVisualStudioVersion = 10.0.40219.1
Project("{FAE04EC0-301F-11D3-BF4B-00C04F79EFBC}") = "Core", "Core\Core.csproj", "{4B863D38-F019-4BE9-AECC-662068074BFF}"
EndProject
Project("{FAE04EC0-301F-11D3-BF4B-00C04F79EFBC}") = "DatabaseManager", "DatabaseManager\DatabaseManager.csproj", "{FA8BB94D-AE2A-442A-835C-738DD454668A}"
	ProjectSection(ProjectDependencies) = postProject
		{4B863D38-F019-4BE9-AECC-662068074BFF} = {4B863D38-F019-4BE9-AECC-662068074BFF}
	EndProjectSection
EndProject
Project("{FAE04EC0-301F-11D3-BF4B-00C04F79EFBC}") = "Trending", "Trending\Trending.csproj", "{3464F366-BD47-4E59-8C7E-898850474D81}"
	ProjectSection(ProjectDependencies) = postProject
		{4B863D38-F019-4BE9-AECC-662068074BFF} = {4B863D38-F019-4BE9-AECC-662068074BFF}
	EndProjectSection
EndProject
Global
	GlobalSection(SolutionConfigurationPlatforms) = preSolution
		Debug|Any CPU = Debug|Any CPU
		Release|Any CPU = Release|Any CPU
	EndGlobalSection
	GlobalSection(ProjectConfigurationPlatforms) = postSolution
		{4B863D38-F019-4BE9-AECC-662068074BFF}.Debug|Any CPU.ActiveCfg = Debug|Any CPU
		{4B863D38-F019-4BE9-AECC-662068074BFF}.Debug|Any CPU.Build.0 = Debug|Any CPU
		{4B863D38-F019-4BE9-AECC-662068074BFF}.Release|Any CPU.ActiveCfg = Release|Any CPU
		{4B863D38-F019-4BE9-AECC-662068074BFF}.Release|Any CPU.Build.0 = Release|Any CPU
		{FA8BB94D-AE2A-442A-835C-738DD454668A}.Debug|Any CPU.ActiveCfg = Debug|Any CPU
		{FA8BB94D-AE2A-442A-835C-738DD454668A}.Debug|Any CPU.Build.0 = Debug|Any CPU
		{FA8BB94D-AE2A-442A-835C-738DD454668A}.Release|Any CPU.ActiveCfg = Release|Any CPU
		{FA8BB94D-AE2A-442A-835C-738DD454668A}.Release|Any CPU.Build.0 = Release|Any CPU
		{3464F366-BD47-4E59-8C7E-898850474D81}.Debug|Any CPU.ActiveCfg = Debug|Any CPU
		{3464F366-BD47-4E59-8C7E-898850474D81}.Debug|Any CPU.Build.0 = Debug|Any CPU
		{3464F366-BD47-4E59-8C7E-898850474D81}.Release|Any CPU.ActiveCfg = Release|Any CPU
		{3464F366-BD47-4E59-8C7E-898850474D81}.Release|Any CPU.Build.0 = Release|Any CPU
	EndGlobalSection
	GlobalSection(SolutionProperties) = preSolution
		HideSolutionNode = FALSE
	EndGlobalSection
EndGlobal
